// !$*UTF8*$!
{
	archiveVersion = 1;
	classes = {
	};
	objectVersion = 55;
	objects = {

/* Begin PBXBuildFile section */
		A1A572F727EE7B2A00B3C550 /* AppDelegate.swift in Sources */ = {isa = PBXBuildFile; fileRef = A1A572F627EE7B2A00B3C550 /* AppDelegate.swift */; };
		A1A572F927EE7B2A00B3C550 /* SceneDelegate.swift in Sources */ = {isa = PBXBuildFile; fileRef = A1A572F827EE7B2A00B3C550 /* SceneDelegate.swift */; };
		A1A572FE27EE7B2A00B3C550 /* Main.storyboard in Resources */ = {isa = PBXBuildFile; fileRef = A1A572FC27EE7B2A00B3C550 /* Main.storyboard */; };
		A1A5730027EE7B2C00B3C550 /* Assets.xcassets in Resources */ = {isa = PBXBuildFile; fileRef = A1A572FF27EE7B2C00B3C550 /* Assets.xcassets */; };
		A1A5730327EE7B2C00B3C550 /* LaunchScreen.storyboard in Resources */ = {isa = PBXBuildFile; fileRef = A1A5730127EE7B2C00B3C550 /* LaunchScreen.storyboard */; };
		A1A5730E27EE7B2C00B3C550 /* IGRayvenTests.swift in Sources */ = {isa = PBXBuildFile; fileRef = A1A5730D27EE7B2C00B3C550 /* IGRayvenTests.swift */; };
		A1A5731827EE7B2C00B3C550 /* IGRayvenUITests.swift in Sources */ = {isa = PBXBuildFile; fileRef = A1A5731727EE7B2C00B3C550 /* IGRayvenUITests.swift */; };
		A1A5731A27EE7B2C00B3C550 /* IGRayvenUITestsLaunchTests.swift in Sources */ = {isa = PBXBuildFile; fileRef = A1A5731927EE7B2C00B3C550 /* IGRayvenUITestsLaunchTests.swift */; };
		A1A5732727EE7C6300B3C550 /* LoginViewController.swift in Sources */ = {isa = PBXBuildFile; fileRef = A1A5732627EE7C6300B3C550 /* LoginViewController.swift */; };
		A1A5732927EE7C6F00B3C550 /* FeedViewController.swift in Sources */ = {isa = PBXBuildFile; fileRef = A1A5732827EE7C6F00B3C550 /* FeedViewController.swift */; };
		A1A5732B27EEEEEA00B3C550 /* CameraViewController.swift in Sources */ = {isa = PBXBuildFile; fileRef = A1A5732A27EEEEEA00B3C550 /* CameraViewController.swift */; };
		A1C8C5F427F18ADB002F9488 /* PostCell.swift in Sources */ = {isa = PBXBuildFile; fileRef = A1C8C5F327F18ADB002F9488 /* PostCell.swift */; };
		A2E3533DB1737766B535D84C /* Pods_IGRayven_IGRayvenUITests.framework in Frameworks */ = {isa = PBXBuildFile; fileRef = 0276A48E3D911A17FBDCF022 /* Pods_IGRayven_IGRayvenUITests.framework */; };
		A6F0C4F4725B2DAEEE96FEFB /* Pods_IGRayven.framework in Frameworks */ = {isa = PBXBuildFile; fileRef = A3B51C95FAFC819166EBE465 /* Pods_IGRayven.framework */; };
		C95C5ADBF48D267BFE7D0927 /* Pods_IGRayvenTests.framework in Frameworks */ = {isa = PBXBuildFile; fileRef = 303F9FD2139106CC1B0721A1 /* Pods_IGRayvenTests.framework */; };
/* End PBXBuildFile section */

/* Begin PBXContainerItemProxy section */
		A1A5730A27EE7B2C00B3C550 /* PBXContainerItemProxy */ = {
			isa = PBXContainerItemProxy;
			containerPortal = A1A572EB27EE7B2A00B3C550 /* Project object */;
			proxyType = 1;
			remoteGlobalIDString = A1A572F227EE7B2A00B3C550;
			remoteInfo = IGRayven;
		};
		A1A5731427EE7B2C00B3C550 /* PBXContainerItemProxy */ = {
			isa = PBXContainerItemProxy;
			containerPortal = A1A572EB27EE7B2A00B3C550 /* Project object */;
			proxyType = 1;
			remoteGlobalIDString = A1A572F227EE7B2A00B3C550;
			remoteInfo = IGRayven;
		};
/* End PBXContainerItemProxy section */

/* Begin PBXFileReference section */
		0276A48E3D911A17FBDCF022 /* Pods_IGRayven_IGRayvenUITests.framework */ = {isa = PBXFileReference; explicitFileType = wrapper.framework; includeInIndex = 0; path = Pods_IGRayven_IGRayvenUITests.framework; sourceTree = BUILT_PRODUCTS_DIR; };
		135CDA45DD87CCB62FA3D660 /* Pods-IGRayven.debug.xcconfig */ = {isa = PBXFileReference; includeInIndex = 1; lastKnownFileType = text.xcconfig; name = "Pods-IGRayven.debug.xcconfig"; path = "Target Support Files/Pods-IGRayven/Pods-IGRayven.debug.xcconfig"; sourceTree = "<group>"; };
		303F9FD2139106CC1B0721A1 /* Pods_IGRayvenTests.framework */ = {isa = PBXFileReference; explicitFileType = wrapper.framework; includeInIndex = 0; path = Pods_IGRayvenTests.framework; sourceTree = BUILT_PRODUCTS_DIR; };
		59962ECBC815FB6A84462323 /* Pods-IGRayven-IGRayvenUITests.debug.xcconfig */ = {isa = PBXFileReference; includeInIndex = 1; lastKnownFileType = text.xcconfig; name = "Pods-IGRayven-IGRayvenUITests.debug.xcconfig"; path = "Target Support Files/Pods-IGRayven-IGRayvenUITests/Pods-IGRayven-IGRayvenUITests.debug.xcconfig"; sourceTree = "<group>"; };
		A1A572F327EE7B2A00B3C550 /* IGRayven.app */ = {isa = PBXFileReference; explicitFileType = wrapper.application; includeInIndex = 0; path = IGRayven.app; sourceTree = BUILT_PRODUCTS_DIR; };
		A1A572F627EE7B2A00B3C550 /* AppDelegate.swift */ = {isa = PBXFileReference; lastKnownFileType = sourcecode.swift; path = AppDelegate.swift; sourceTree = "<group>"; };
		A1A572F827EE7B2A00B3C550 /* SceneDelegate.swift */ = {isa = PBXFileReference; lastKnownFileType = sourcecode.swift; path = SceneDelegate.swift; sourceTree = "<group>"; };
		A1A572FD27EE7B2A00B3C550 /* Base */ = {isa = PBXFileReference; lastKnownFileType = file.storyboard; name = Base; path = Base.lproj/Main.storyboard; sourceTree = "<group>"; };
		A1A572FF27EE7B2C00B3C550 /* Assets.xcassets */ = {isa = PBXFileReference; lastKnownFileType = folder.assetcatalog; path = Assets.xcassets; sourceTree = "<group>"; };
		A1A5730227EE7B2C00B3C550 /* Base */ = {isa = PBXFileReference; lastKnownFileType = file.storyboard; name = Base; path = Base.lproj/LaunchScreen.storyboard; sourceTree = "<group>"; };
		A1A5730427EE7B2C00B3C550 /* Info.plist */ = {isa = PBXFileReference; lastKnownFileType = text.plist.xml; path = Info.plist; sourceTree = "<group>"; };
		A1A5730927EE7B2C00B3C550 /* IGRayvenTests.xctest */ = {isa = PBXFileReference; explicitFileType = wrapper.cfbundle; includeInIndex = 0; path = IGRayvenTests.xctest; sourceTree = BUILT_PRODUCTS_DIR; };
		A1A5730D27EE7B2C00B3C550 /* IGRayvenTests.swift */ = {isa = PBXFileReference; lastKnownFileType = sourcecode.swift; path = IGRayvenTests.swift; sourceTree = "<group>"; };
		A1A5731327EE7B2C00B3C550 /* IGRayvenUITests.xctest */ = {isa = PBXFileReference; explicitFileType = wrapper.cfbundle; includeInIndex = 0; path = IGRayvenUITests.xctest; sourceTree = BUILT_PRODUCTS_DIR; };
		A1A5731727EE7B2C00B3C550 /* IGRayvenUITests.swift */ = {isa = PBXFileReference; lastKnownFileType = sourcecode.swift; path = IGRayvenUITests.swift; sourceTree = "<group>"; };
		A1A5731927EE7B2C00B3C550 /* IGRayvenUITestsLaunchTests.swift */ = {isa = PBXFileReference; lastKnownFileType = sourcecode.swift; path = IGRayvenUITestsLaunchTests.swift; sourceTree = "<group>"; };
		A1A5732627EE7C6300B3C550 /* LoginViewController.swift */ = {isa = PBXFileReference; lastKnownFileType = sourcecode.swift; path = LoginViewController.swift; sourceTree = "<group>"; };
		A1A5732827EE7C6F00B3C550 /* FeedViewController.swift */ = {isa = PBXFileReference; lastKnownFileType = sourcecode.swift; path = FeedViewController.swift; sourceTree = "<group>"; };
		A1A5732A27EEEEEA00B3C550 /* CameraViewController.swift */ = {isa = PBXFileReference; lastKnownFileType = sourcecode.swift; path = CameraViewController.swift; sourceTree = "<group>"; };
		A1C8C5F327F18ADB002F9488 /* PostCell.swift */ = {isa = PBXFileReference; lastKnownFileType = sourcecode.swift; path = PostCell.swift; sourceTree = "<group>"; };
		A3B51C95FAFC819166EBE465 /* Pods_IGRayven.framework */ = {isa = PBXFileReference; explicitFileType = wrapper.framework; includeInIndex = 0; path = Pods_IGRayven.framework; sourceTree = BUILT_PRODUCTS_DIR; };
		AF2DD60C6AFD1AD1A5294EE5 /* Pods-IGRayvenTests.release.xcconfig */ = {isa = PBXFileReference; includeInIndex = 1; lastKnownFileType = text.xcconfig; name = "Pods-IGRayvenTests.release.xcconfig"; path = "Target Support Files/Pods-IGRayvenTests/Pods-IGRayvenTests.release.xcconfig"; sourceTree = "<group>"; };
		DF730A036502CED736B31291 /* Pods-IGRayvenTests.debug.xcconfig */ = {isa = PBXFileReference; includeInIndex = 1; lastKnownFileType = text.xcconfig; name = "Pods-IGRayvenTests.debug.xcconfig"; path = "Target Support Files/Pods-IGRayvenTests/Pods-IGRayvenTests.debug.xcconfig"; sourceTree = "<group>"; };
		EDC90361E6569E6F2FB194DB /* Pods-IGRayven.release.xcconfig */ = {isa = PBXFileReference; includeInIndex = 1; lastKnownFileType = text.xcconfig; name = "Pods-IGRayven.release.xcconfig"; path = "Target Support Files/Pods-IGRayven/Pods-IGRayven.release.xcconfig"; sourceTree = "<group>"; };
		FB6573D075447CF50CD5C5B4 /* Pods-IGRayven-IGRayvenUITests.release.xcconfig */ = {isa = PBXFileReference; includeInIndex = 1; lastKnownFileType = text.xcconfig; name = "Pods-IGRayven-IGRayvenUITests.release.xcconfig"; path = "Target Support Files/Pods-IGRayven-IGRayvenUITests/Pods-IGRayven-IGRayvenUITests.release.xcconfig"; sourceTree = "<group>"; };
/* End PBXFileReference section */

/* Begin PBXFrameworksBuildPhase section */
		A1A572F027EE7B2A00B3C550 /* Frameworks */ = {
			isa = PBXFrameworksBuildPhase;
			buildActionMask = 2147483647;
			files = (
				A6F0C4F4725B2DAEEE96FEFB /* Pods_IGRayven.framework in Frameworks */,
			);
			runOnlyForDeploymentPostprocessing = 0;
		};
		A1A5730627EE7B2C00B3C550 /* Frameworks */ = {
			isa = PBXFrameworksBuildPhase;
			buildActionMask = 2147483647;
			files = (
				C95C5ADBF48D267BFE7D0927 /* Pods_IGRayvenTests.framework in Frameworks */,
			);
			runOnlyForDeploymentPostprocessing = 0;
		};
		A1A5731027EE7B2C00B3C550 /* Frameworks */ = {
			isa = PBXFrameworksBuildPhase;
			buildActionMask = 2147483647;
			files = (
				A2E3533DB1737766B535D84C /* Pods_IGRayven_IGRayvenUITests.framework in Frameworks */,
			);
			runOnlyForDeploymentPostprocessing = 0;
		};
/* End PBXFrameworksBuildPhase section */

/* Begin PBXGroup section */
		716F95DAC0322AD7A1FC5966 /* Frameworks */ = {
			isa = PBXGroup;
			children = (
				A3B51C95FAFC819166EBE465 /* Pods_IGRayven.framework */,
				0276A48E3D911A17FBDCF022 /* Pods_IGRayven_IGRayvenUITests.framework */,
				303F9FD2139106CC1B0721A1 /* Pods_IGRayvenTests.framework */,
			);
			name = Frameworks;
			sourceTree = "<group>";
		};
		A1A572EA27EE7B2A00B3C550 = {
			isa = PBXGroup;
			children = (
				A1A572F527EE7B2A00B3C550 /* IGRayven */,
				A1A5730C27EE7B2C00B3C550 /* IGRayvenTests */,
				A1A5731627EE7B2C00B3C550 /* IGRayvenUITests */,
				A1A572F427EE7B2A00B3C550 /* Products */,
				CFEE832A66CE2C2AC161C5B3 /* Pods */,
				716F95DAC0322AD7A1FC5966 /* Frameworks */,
			);
			sourceTree = "<group>";
		};
		A1A572F427EE7B2A00B3C550 /* Products */ = {
			isa = PBXGroup;
			children = (
				A1A572F327EE7B2A00B3C550 /* IGRayven.app */,
				A1A5730927EE7B2C00B3C550 /* IGRayvenTests.xctest */,
				A1A5731327EE7B2C00B3C550 /* IGRayvenUITests.xctest */,
			);
			name = Products;
			sourceTree = "<group>";
		};
		A1A572F527EE7B2A00B3C550 /* IGRayven */ = {
			isa = PBXGroup;
			children = (
				A1A572F627EE7B2A00B3C550 /* AppDelegate.swift */,
				A1A572F827EE7B2A00B3C550 /* SceneDelegate.swift */,
				A1A572FC27EE7B2A00B3C550 /* Main.storyboard */,
				A1C8C5F327F18ADB002F9488 /* PostCell.swift */,
				A1A5732627EE7C6300B3C550 /* LoginViewController.swift */,
				A1A5732827EE7C6F00B3C550 /* FeedViewController.swift */,
				A1A572FF27EE7B2C00B3C550 /* Assets.xcassets */,
				A1A5730127EE7B2C00B3C550 /* LaunchScreen.storyboard */,
				A1A5730427EE7B2C00B3C550 /* Info.plist */,
				A1A5732A27EEEEEA00B3C550 /* CameraViewController.swift */,
			);
			path = IGRayven;
			sourceTree = "<group>";
		};
		A1A5730C27EE7B2C00B3C550 /* IGRayvenTests */ = {
			isa = PBXGroup;
			children = (
				A1A5730D27EE7B2C00B3C550 /* IGRayvenTests.swift */,
			);
			path = IGRayvenTests;
			sourceTree = "<group>";
		};
		A1A5731627EE7B2C00B3C550 /* IGRayvenUITests */ = {
			isa = PBXGroup;
			children = (
				A1A5731727EE7B2C00B3C550 /* IGRayvenUITests.swift */,
				A1A5731927EE7B2C00B3C550 /* IGRayvenUITestsLaunchTests.swift */,
			);
			path = IGRayvenUITests;
			sourceTree = "<group>";
		};
		CFEE832A66CE2C2AC161C5B3 /* Pods */ = {
			isa = PBXGroup;
			children = (
				135CDA45DD87CCB62FA3D660 /* Pods-IGRayven.debug.xcconfig */,
				EDC90361E6569E6F2FB194DB /* Pods-IGRayven.release.xcconfig */,
				59962ECBC815FB6A84462323 /* Pods-IGRayven-IGRayvenUITests.debug.xcconfig */,
				FB6573D075447CF50CD5C5B4 /* Pods-IGRayven-IGRayvenUITests.release.xcconfig */,
				DF730A036502CED736B31291 /* Pods-IGRayvenTests.debug.xcconfig */,
				AF2DD60C6AFD1AD1A5294EE5 /* Pods-IGRayvenTests.release.xcconfig */,
			);
			path = Pods;
			sourceTree = "<group>";
		};
/* End PBXGroup section */

/* Begin PBXNativeTarget section */
		A1A572F227EE7B2A00B3C550 /* IGRayven */ = {
			isa = PBXNativeTarget;
			buildConfigurationList = A1A5731D27EE7B2C00B3C550 /* Build configuration list for PBXNativeTarget "IGRayven" */;
			buildPhases = (
				54A16B4184B3DEECF8EC1D90 /* [CP] Check Pods Manifest.lock */,
				A1A572EF27EE7B2A00B3C550 /* Sources */,
				A1A572F027EE7B2A00B3C550 /* Frameworks */,
				A1A572F127EE7B2A00B3C550 /* Resources */,
				82D7C334153A75775487DBE1 /* [CP] Embed Pods Frameworks */,
			);
			buildRules = (
			);
			dependencies = (
			);
			name = IGRayven;
			productName = IGRayven;
			productReference = A1A572F327EE7B2A00B3C550 /* IGRayven.app */;
			productType = "com.apple.product-type.application";
		};
		A1A5730827EE7B2C00B3C550 /* IGRayvenTests */ = {
			isa = PBXNativeTarget;
			buildConfigurationList = A1A5732027EE7B2C00B3C550 /* Build configuration list for PBXNativeTarget "IGRayvenTests" */;
			buildPhases = (
				90FBF7C2B0B3A4C338E8AF2C /* [CP] Check Pods Manifest.lock */,
				A1A5730527EE7B2C00B3C550 /* Sources */,
				A1A5730627EE7B2C00B3C550 /* Frameworks */,
				A1A5730727EE7B2C00B3C550 /* Resources */,
			);
			buildRules = (
			);
			dependencies = (
				A1A5730B27EE7B2C00B3C550 /* PBXTargetDependency */,
			);
			name = IGRayvenTests;
			productName = IGRayvenTests;
			productReference = A1A5730927EE7B2C00B3C550 /* IGRayvenTests.xctest */;
			productType = "com.apple.product-type.bundle.unit-test";
		};
		A1A5731227EE7B2C00B3C550 /* IGRayvenUITests */ = {
			isa = PBXNativeTarget;
			buildConfigurationList = A1A5732327EE7B2C00B3C550 /* Build configuration list for PBXNativeTarget "IGRayvenUITests" */;
			buildPhases = (
				DEC197B76D399A9B11DBF34E /* [CP] Check Pods Manifest.lock */,
				A1A5730F27EE7B2C00B3C550 /* Sources */,
				A1A5731027EE7B2C00B3C550 /* Frameworks */,
				A1A5731127EE7B2C00B3C550 /* Resources */,
				DC9C57225313D85189E5CED3 /* [CP] Embed Pods Frameworks */,
			);
			buildRules = (
			);
			dependencies = (
				A1A5731527EE7B2C00B3C550 /* PBXTargetDependency */,
			);
			name = IGRayvenUITests;
			productName = IGRayvenUITests;
			productReference = A1A5731327EE7B2C00B3C550 /* IGRayvenUITests.xctest */;
			productType = "com.apple.product-type.bundle.ui-testing";
		};
/* End PBXNativeTarget section */

/* Begin PBXProject section */
		A1A572EB27EE7B2A00B3C550 /* Project object */ = {
			isa = PBXProject;
			attributes = {
				BuildIndependentTargetsInParallel = 1;
				LastSwiftUpdateCheck = 1320;
				LastUpgradeCheck = 1320;
				TargetAttributes = {
					A1A572F227EE7B2A00B3C550 = {
						CreatedOnToolsVersion = 13.2.1;
					};
					A1A5730827EE7B2C00B3C550 = {
						CreatedOnToolsVersion = 13.2.1;
						TestTargetID = A1A572F227EE7B2A00B3C550;
					};
					A1A5731227EE7B2C00B3C550 = {
						CreatedOnToolsVersion = 13.2.1;
						TestTargetID = A1A572F227EE7B2A00B3C550;
					};
				};
			};
			buildConfigurationList = A1A572EE27EE7B2A00B3C550 /* Build configuration list for PBXProject "IGRayven" */;
			compatibilityVersion = "Xcode 13.0";
			developmentRegion = en;
			hasScannedForEncodings = 0;
			knownRegions = (
				en,
				Base,
			);
			mainGroup = A1A572EA27EE7B2A00B3C550;
			productRefGroup = A1A572F427EE7B2A00B3C550 /* Products */;
			projectDirPath = "";
			projectRoot = "";
			targets = (
				A1A572F227EE7B2A00B3C550 /* IGRayven */,
				A1A5730827EE7B2C00B3C550 /* IGRayvenTests */,
				A1A5731227EE7B2C00B3C550 /* IGRayvenUITests */,
			);
		};
/* End PBXProject section */

/* Begin PBXResourcesBuildPhase section */
		A1A572F127EE7B2A00B3C550 /* Resources */ = {
			isa = PBXResourcesBuildPhase;
			buildActionMask = 2147483647;
			files = (
				A1A5730327EE7B2C00B3C550 /* LaunchScreen.storyboard in Resources */,
				A1A5730027EE7B2C00B3C550 /* Assets.xcassets in Resources */,
				A1A572FE27EE7B2A00B3C550 /* Main.storyboard in Resources */,
			);
			runOnlyForDeploymentPostprocessing = 0;
		};
		A1A5730727EE7B2C00B3C550 /* Resources */ = {
			isa = PBXResourcesBuildPhase;
			buildActionMask = 2147483647;
			files = (
			);
			runOnlyForDeploymentPostprocessing = 0;
		};
		A1A5731127EE7B2C00B3C550 /* Resources */ = {
			isa = PBXResourcesBuildPhase;
			buildActionMask = 2147483647;
			files = (
			);
			runOnlyForDeploymentPostprocessing = 0;
		};
/* End PBXResourcesBuildPhase section */

/* Begin PBXShellScriptBuildPhase section */
		54A16B4184B3DEECF8EC1D90 /* [CP] Check Pods Manifest.lock */ = {
			isa = PBXShellScriptBuildPhase;
			buildActionMask = 2147483647;
			files = (
			);
			inputFileListPaths = (
			);
			inputPaths = (
				"${PODS_PODFILE_DIR_PATH}/Podfile.lock",
				"${PODS_ROOT}/Manifest.lock",
			);
			name = "[CP] Check Pods Manifest.lock";
			outputFileListPaths = (
			);
			outputPaths = (
				"$(DERIVED_FILE_DIR)/Pods-IGRayven-checkManifestLockResult.txt",
			);
			runOnlyForDeploymentPostprocessing = 0;
			shellPath = /bin/sh;
			shellScript = "diff \"${PODS_PODFILE_DIR_PATH}/Podfile.lock\" \"${PODS_ROOT}/Manifest.lock\" > /dev/null\nif [ $? != 0 ] ; then\n    # print error to STDERR\n    echo \"error: The sandbox is not in sync with the Podfile.lock. Run 'pod install' or update your CocoaPods installation.\" >&2\n    exit 1\nfi\n# This output is used by Xcode 'outputs' to avoid re-running this script phase.\necho \"SUCCESS\" > \"${SCRIPT_OUTPUT_FILE_0}\"\n";
			showEnvVarsInLog = 0;
		};
		82D7C334153A75775487DBE1 /* [CP] Embed Pods Frameworks */ = {
			isa = PBXShellScriptBuildPhase;
			buildActionMask = 2147483647;
			files = (
			);
			inputFileListPaths = (
				"${PODS_ROOT}/Target Support Files/Pods-IGRayven/Pods-IGRayven-frameworks-${CONFIGURATION}-input-files.xcfilelist",
			);
			name = "[CP] Embed Pods Frameworks";
			outputFileListPaths = (
				"${PODS_ROOT}/Target Support Files/Pods-IGRayven/Pods-IGRayven-frameworks-${CONFIGURATION}-output-files.xcfilelist",
			);
			runOnlyForDeploymentPostprocessing = 0;
			shellPath = /bin/sh;
			shellScript = "\"${PODS_ROOT}/Target Support Files/Pods-IGRayven/Pods-IGRayven-frameworks.sh\"\n";
			showEnvVarsInLog = 0;
		};
		90FBF7C2B0B3A4C338E8AF2C /* [CP] Check Pods Manifest.lock */ = {
			isa = PBXShellScriptBuildPhase;
			buildActionMask = 2147483647;
			files = (
			);
			inputFileListPaths = (
			);
			inputPaths = (
				"${PODS_PODFILE_DIR_PATH}/Podfile.lock",
				"${PODS_ROOT}/Manifest.lock",
			);
			name = "[CP] Check Pods Manifest.lock";
			outputFileListPaths = (
			);
			outputPaths = (
				"$(DERIVED_FILE_DIR)/Pods-IGRayvenTests-checkManifestLockResult.txt",
			);
			runOnlyForDeploymentPostprocessing = 0;
			shellPath = /bin/sh;
			shellScript = "diff \"${PODS_PODFILE_DIR_PATH}/Podfile.lock\" \"${PODS_ROOT}/Manifest.lock\" > /dev/null\nif [ $? != 0 ] ; then\n    # print error to STDERR\n    echo \"error: The sandbox is not in sync with the Podfile.lock. Run 'pod install' or update your CocoaPods installation.\" >&2\n    exit 1\nfi\n# This output is used by Xcode 'outputs' to avoid re-running this script phase.\necho \"SUCCESS\" > \"${SCRIPT_OUTPUT_FILE_0}\"\n";
			showEnvVarsInLog = 0;
		};
		DC9C57225313D85189E5CED3 /* [CP] Embed Pods Frameworks */ = {
			isa = PBXShellScriptBuildPhase;
			buildActionMask = 2147483647;
			files = (
			);
			inputFileListPaths = (
				"${PODS_ROOT}/Target Support Files/Pods-IGRayven-IGRayvenUITests/Pods-IGRayven-IGRayvenUITests-frameworks-${CONFIGURATION}-input-files.xcfilelist",
			);
			name = "[CP] Embed Pods Frameworks";
			outputFileListPaths = (
				"${PODS_ROOT}/Target Support Files/Pods-IGRayven-IGRayvenUITests/Pods-IGRayven-IGRayvenUITests-frameworks-${CONFIGURATION}-output-files.xcfilelist",
			);
			runOnlyForDeploymentPostprocessing = 0;
			shellPath = /bin/sh;
			shellScript = "\"${PODS_ROOT}/Target Support Files/Pods-IGRayven-IGRayvenUITests/Pods-IGRayven-IGRayvenUITests-frameworks.sh\"\n";
			showEnvVarsInLog = 0;
		};
		DEC197B76D399A9B11DBF34E /* [CP] Check Pods Manifest.lock */ = {
			isa = PBXShellScriptBuildPhase;
			buildActionMask = 2147483647;
			files = (
			);
			inputFileListPaths = (
			);
			inputPaths = (
				"${PODS_PODFILE_DIR_PATH}/Podfile.lock",
				"${PODS_ROOT}/Manifest.lock",
			);
			name = "[CP] Check Pods Manifest.lock";
			outputFileListPaths = (
			);
			outputPaths = (
				"$(DERIVED_FILE_DIR)/Pods-IGRayven-IGRayvenUITests-checkManifestLockResult.txt",
			);
			runOnlyForDeploymentPostprocessing = 0;
			shellPath = /bin/sh;
			shellScript = "diff \"${PODS_PODFILE_DIR_PATH}/Podfile.lock\" \"${PODS_ROOT}/Manifest.lock\" > /dev/null\nif [ $? != 0 ] ; then\n    # print error to STDERR\n    echo \"error: The sandbox is not in sync with the Podfile.lock. Run 'pod install' or update your CocoaPods installation.\" >&2\n    exit 1\nfi\n# This output is used by Xcode 'outputs' to avoid re-running this script phase.\necho \"SUCCESS\" > \"${SCRIPT_OUTPUT_FILE_0}\"\n";
			showEnvVarsInLog = 0;
		};
/* End PBXShellScriptBuildPhase section */

/* Begin PBXSourcesBuildPhase section */
		A1A572EF27EE7B2A00B3C550 /* Sources */ = {
			isa = PBXSourcesBuildPhase;
			buildActionMask = 2147483647;
			files = (
				A1A5732727EE7C6300B3C550 /* LoginViewController.swift in Sources */,
				A1A5732B27EEEEEA00B3C550 /* CameraViewController.swift in Sources */,
				A1A572F727EE7B2A00B3C550 /* AppDelegate.swift in Sources */,
				A1A5732927EE7C6F00B3C550 /* FeedViewController.swift in Sources */,
				A1A572F927EE7B2A00B3C550 /* SceneDelegate.swift in Sources */,
				A1C8C5F427F18ADB002F9488 /* PostCell.swift in Sources */,
			);
			runOnlyForDeploymentPostprocessing = 0;
		};
		A1A5730527EE7B2C00B3C550 /* Sources */ = {
			isa = PBXSourcesBuildPhase;
			buildActionMask = 2147483647;
			files = (
				A1A5730E27EE7B2C00B3C550 /* IGRayvenTests.swift in Sources */,
			);
			runOnlyForDeploymentPostprocessing = 0;
		};
		A1A5730F27EE7B2C00B3C550 /* Sources */ = {
			isa = PBXSourcesBuildPhase;
			buildActionMask = 2147483647;
			files = (
				A1A5731A27EE7B2C00B3C550 /* IGRayvenUITestsLaunchTests.swift in Sources */,
				A1A5731827EE7B2C00B3C550 /* IGRayvenUITests.swift in Sources */,
			);
			runOnlyForDeploymentPostprocessing = 0;
		};
/* End PBXSourcesBuildPhase section */

/* Begin PBXTargetDependency section */
		A1A5730B27EE7B2C00B3C550 /* PBXTargetDependency */ = {
			isa = PBXTargetDependency;
			target = A1A572F227EE7B2A00B3C550 /* IGRayven */;
			targetProxy = A1A5730A27EE7B2C00B3C550 /* PBXContainerItemProxy */;
		};
		A1A5731527EE7B2C00B3C550 /* PBXTargetDependency */ = {
			isa = PBXTargetDependency;
			target = A1A572F227EE7B2A00B3C550 /* IGRayven */;
			targetProxy = A1A5731427EE7B2C00B3C550 /* PBXContainerItemProxy */;
		};
/* End PBXTargetDependency section */

/* Begin PBXVariantGroup section */
		A1A572FC27EE7B2A00B3C550 /* Main.storyboard */ = {
			isa = PBXVariantGroup;
			children = (
				A1A572FD27EE7B2A00B3C550 /* Base */,
			);
			name = Main.storyboard;
			sourceTree = "<group>";
		};
		A1A5730127EE7B2C00B3C550 /* LaunchScreen.storyboard */ = {
			isa = PBXVariantGroup;
			children = (
				A1A5730227EE7B2C00B3C550 /* Base */,
			);
			name = LaunchScreen.storyboard;
			sourceTree = "<group>";
		};
/* End PBXVariantGroup section */

/* Begin XCBuildConfiguration section */
		A1A5731B27EE7B2C00B3C550 /* Debug */ = {
			isa = XCBuildConfiguration;
			buildSettings = {
				ALWAYS_SEARCH_USER_PATHS = NO;
				CLANG_ANALYZER_NONNULL = YES;
				CLANG_ANALYZER_NUMBER_OBJECT_CONVERSION = YES_AGGRESSIVE;
				CLANG_CXX_LANGUAGE_STANDARD = "gnu++17";
				CLANG_CXX_LIBRARY = "libc++";
				CLANG_ENABLE_MODULES = YES;
				CLANG_ENABLE_OBJC_ARC = YES;
				CLANG_ENABLE_OBJC_WEAK = YES;
				CLANG_WARN_BLOCK_CAPTURE_AUTORELEASING = YES;
				CLANG_WARN_BOOL_CONVERSION = YES;
				CLANG_WARN_COMMA = YES;
				CLANG_WARN_CONSTANT_CONVERSION = YES;
				CLANG_WARN_DEPRECATED_OBJC_IMPLEMENTATIONS = YES;
				CLANG_WARN_DIRECT_OBJC_ISA_USAGE = YES_ERROR;
				CLANG_WARN_DOCUMENTATION_COMMENTS = YES;
				CLANG_WARN_EMPTY_BODY = YES;
				CLANG_WARN_ENUM_CONVERSION = YES;
				CLANG_WARN_INFINITE_RECURSION = YES;
				CLANG_WARN_INT_CONVERSION = YES;
				CLANG_WARN_NON_LITERAL_NULL_CONVERSION = YES;
				CLANG_WARN_OBJC_IMPLICIT_RETAIN_SELF = YES;
				CLANG_WARN_OBJC_LITERAL_CONVERSION = YES;
				CLANG_WARN_OBJC_ROOT_CLASS = YES_ERROR;
				CLANG_WARN_QUOTED_INCLUDE_IN_FRAMEWORK_HEADER = YES;
				CLANG_WARN_RANGE_LOOP_ANALYSIS = YES;
				CLANG_WARN_STRICT_PROTOTYPES = YES;
				CLANG_WARN_SUSPICIOUS_MOVE = YES;
				CLANG_WARN_UNGUARDED_AVAILABILITY = YES_AGGRESSIVE;
				CLANG_WARN_UNREACHABLE_CODE = YES;
				CLANG_WARN__DUPLICATE_METHOD_MATCH = YES;
				COPY_PHASE_STRIP = NO;
				DEBUG_INFORMATION_FORMAT = dwarf;
				ENABLE_STRICT_OBJC_MSGSEND = YES;
				ENABLE_TESTABILITY = YES;
				GCC_C_LANGUAGE_STANDARD = gnu11;
				GCC_DYNAMIC_NO_PIC = NO;
				GCC_NO_COMMON_BLOCKS = YES;
				GCC_OPTIMIZATION_LEVEL = 0;
				GCC_PREPROCESSOR_DEFINITIONS = (
					"DEBUG=1",
					"$(inherited)",
				);
				GCC_WARN_64_TO_32_BIT_CONVERSION = YES;
				GCC_WARN_ABOUT_RETURN_TYPE = YES_ERROR;
				GCC_WARN_UNDECLARED_SELECTOR = YES;
				GCC_WARN_UNINITIALIZED_AUTOS = YES_AGGRESSIVE;
				GCC_WARN_UNUSED_FUNCTION = YES;
				GCC_WARN_UNUSED_VARIABLE = YES;
				IPHONEOS_DEPLOYMENT_TARGET = 15.2;
				MTL_ENABLE_DEBUG_INFO = INCLUDE_SOURCE;
				MTL_FAST_MATH = YES;
				ONLY_ACTIVE_ARCH = YES;
				SDKROOT = iphoneos;
				SWIFT_ACTIVE_COMPILATION_CONDITIONS = DEBUG;
				SWIFT_OPTIMIZATION_LEVEL = "-Onone";
			};
			name = Debug;
		};
		A1A5731C27EE7B2C00B3C550 /* Release */ = {
			isa = XCBuildConfiguration;
			buildSettings = {
				ALWAYS_SEARCH_USER_PATHS = NO;
				CLANG_ANALYZER_NONNULL = YES;
				CLANG_ANALYZER_NUMBER_OBJECT_CONVERSION = YES_AGGRESSIVE;
				CLANG_CXX_LANGUAGE_STANDARD = "gnu++17";
				CLANG_CXX_LIBRARY = "libc++";
				CLANG_ENABLE_MODULES = YES;
				CLANG_ENABLE_OBJC_ARC = YES;
				CLANG_ENABLE_OBJC_WEAK = YES;
				CLANG_WARN_BLOCK_CAPTURE_AUTORELEASING = YES;
				CLANG_WARN_BOOL_CONVERSION = YES;
				CLANG_WARN_COMMA = YES;
				CLANG_WARN_CONSTANT_CONVERSION = YES;
				CLANG_WARN_DEPRECATED_OBJC_IMPLEMENTATIONS = YES;
				CLANG_WARN_DIRECT_OBJC_ISA_USAGE = YES_ERROR;
				CLANG_WARN_DOCUMENTATION_COMMENTS = YES;
				CLANG_WARN_EMPTY_BODY = YES;
				CLANG_WARN_ENUM_CONVERSION = YES;
				CLANG_WARN_INFINITE_RECURSION = YES;
				CLANG_WARN_INT_CONVERSION = YES;
				CLANG_WARN_NON_LITERAL_NULL_CONVERSION = YES;
				CLANG_WARN_OBJC_IMPLICIT_RETAIN_SELF = YES;
				CLANG_WARN_OBJC_LITERAL_CONVERSION = YES;
				CLANG_WARN_OBJC_ROOT_CLASS = YES_ERROR;
				CLANG_WARN_QUOTED_INCLUDE_IN_FRAMEWORK_HEADER = YES;
				CLANG_WARN_RANGE_LOOP_ANALYSIS = YES;
				CLANG_WARN_STRICT_PROTOTYPES = YES;
				CLANG_WARN_SUSPICIOUS_MOVE = YES;
				CLANG_WARN_UNGUARDED_AVAILABILITY = YES_AGGRESSIVE;
				CLANG_WARN_UNREACHABLE_CODE = YES;
				CLANG_WARN__DUPLICATE_METHOD_MATCH = YES;
				COPY_PHASE_STRIP = NO;
				DEBUG_INFORMATION_FORMAT = "dwarf-with-dsym";
				ENABLE_NS_ASSERTIONS = NO;
				ENABLE_STRICT_OBJC_MSGSEND = YES;
				GCC_C_LANGUAGE_STANDARD = gnu11;
				GCC_NO_COMMON_BLOCKS = YES;
				GCC_WARN_64_TO_32_BIT_CONVERSION = YES;
				GCC_WARN_ABOUT_RETURN_TYPE = YES_ERROR;
				GCC_WARN_UNDECLARED_SELECTOR = YES;
				GCC_WARN_UNINITIALIZED_AUTOS = YES_AGGRESSIVE;
				GCC_WARN_UNUSED_FUNCTION = YES;
				GCC_WARN_UNUSED_VARIABLE = YES;
				IPHONEOS_DEPLOYMENT_TARGET = 15.2;
				MTL_ENABLE_DEBUG_INFO = NO;
				MTL_FAST_MATH = YES;
				SDKROOT = iphoneos;
				SWIFT_COMPILATION_MODE = wholemodule;
				SWIFT_OPTIMIZATION_LEVEL = "-O";
				VALIDATE_PRODUCT = YES;
			};
			name = Release;
		};
		A1A5731E27EE7B2C00B3C550 /* Debug */ = {
			isa = XCBuildConfiguration;
			baseConfigurationReference = 135CDA45DD87CCB62FA3D660 /* Pods-IGRayven.debug.xcconfig */;
			buildSettings = {
				ASSETCATALOG_COMPILER_APPICON_NAME = AppIcon;
				ASSETCATALOG_COMPILER_GLOBAL_ACCENT_COLOR_NAME = AccentColor;
				CODE_SIGN_STYLE = Automatic;
				CURRENT_PROJECT_VERSION = 1;
				GENERATE_INFOPLIST_FILE = YES;
				INFOPLIST_FILE = IGRayven/Info.plist;
				INFOPLIST_KEY_UIApplicationSupportsIndirectInputEvents = YES;
				INFOPLIST_KEY_UILaunchStoryboardName = LaunchScreen;
				INFOPLIST_KEY_UIMainStoryboardFile = Main;
				INFOPLIST_KEY_UISupportedInterfaceOrientations_iPad = "UIInterfaceOrientationPortrait UIInterfaceOrientationPortraitUpsideDown UIInterfaceOrientationLandscapeLeft UIInterfaceOrientationLandscapeRight";
				INFOPLIST_KEY_UISupportedInterfaceOrientations_iPhone = "UIInterfaceOrientationPortrait UIInterfaceOrientationLandscapeLeft UIInterfaceOrientationLandscapeRight";
				LD_RUNPATH_SEARCH_PATHS = (
					"$(inherited)",
					"@executable_path/Frameworks",
				);
				MARKETING_VERSION = 1.0;
				PRODUCT_BUNDLE_IDENTIFIER = codepath.IGRayven;
				PRODUCT_NAME = "$(TARGET_NAME)";
				SWIFT_EMIT_LOC_STRINGS = YES;
				SWIFT_VERSION = 5.0;
				TARGETED_DEVICE_FAMILY = "1,2";
			};
			name = Debug;
		};
		A1A5731F27EE7B2C00B3C550 /* Release */ = {
			isa = XCBuildConfiguration;
			baseConfigurationReference = EDC90361E6569E6F2FB194DB /* Pods-IGRayven.release.xcconfig */;
			buildSettings = {
				ASSETCATALOG_COMPILER_APPICON_NAME = AppIcon;
				ASSETCATALOG_COMPILER_GLOBAL_ACCENT_COLOR_NAME = AccentColor;
				CODE_SIGN_STYLE = Automatic;
				CURRENT_PROJECT_VERSION = 1;
				GENERATE_INFOPLIST_FILE = YES;
				INFOPLIST_FILE = IGRayven/Info.plist;
				INFOPLIST_KEY_UIApplicationSupportsIndirectInputEvents = YES;
				INFOPLIST_KEY_UILaunchStoryboardName = LaunchScreen;
				INFOPLIST_KEY_UIMainStoryboardFile = Main;
				INFOPLIST_KEY_UISupportedInterfaceOrientations_iPad = "UIInterfaceOrientationPortrait UIInterfaceOrientationPortraitUpsideDown UIInterfaceOrientationLandscapeLeft UIInterfaceOrientationLandscapeRight";
				INFOPLIST_KEY_UISupportedInterfaceOrientations_iPhone = "UIInterfaceOrientationPortrait UIInterfaceOrientationLandscapeLeft UIInterfaceOrientationLandscapeRight";
				LD_RUNPATH_SEARCH_PATHS = (
					"$(inherited)",
					"@executable_path/Frameworks",
				);
				MARKETING_VERSION = 1.0;
				PRODUCT_BUNDLE_IDENTIFIER = codepath.IGRayven;
				PRODUCT_NAME = "$(TARGET_NAME)";
				SWIFT_EMIT_LOC_STRINGS = YES;
				SWIFT_VERSION = 5.0;
				TARGETED_DEVICE_FAMILY = "1,2";
			};
			name = Release;
		};
		A1A5732127EE7B2C00B3C550 /* Debug */ = {
			isa = XCBuildConfiguration;
			baseConfigurationReference = DF730A036502CED736B31291 /* Pods-IGRayvenTests.debug.xcconfig */;
			buildSettings = {
				ALWAYS_EMBED_SWIFT_STANDARD_LIBRARIES = YES;
				BUNDLE_LOADER = "$(TEST_HOST)";
				CODE_SIGN_STYLE = Automatic;
				CURRENT_PROJECT_VERSION = 1;
				GENERATE_INFOPLIST_FILE = YES;
				IPHONEOS_DEPLOYMENT_TARGET = 15.2;
				MARKETING_VERSION = 1.0;
				PRODUCT_BUNDLE_IDENTIFIER = codepath.IGRayvenTests;
				PRODUCT_NAME = "$(TARGET_NAME)";
				SWIFT_EMIT_LOC_STRINGS = NO;
				SWIFT_VERSION = 5.0;
				TARGETED_DEVICE_FAMILY = "1,2";
				TEST_HOST = "$(BUILT_PRODUCTS_DIR)/IGRayven.app/IGRayven";
			};
			name = Debug;
		};
		A1A5732227EE7B2C00B3C550 /* Release */ = {
			isa = XCBuildConfiguration;
			baseConfigurationReference = AF2DD60C6AFD1AD1A5294EE5 /* Pods-IGRayvenTests.release.xcconfig */;
			buildSettings = {
				ALWAYS_EMBED_SWIFT_STANDARD_LIBRARIES = YES;
				BUNDLE_LOADER = "$(TEST_HOST)";
				CODE_SIGN_STYLE = Automatic;
				CURRENT_PROJECT_VERSION = 1;
				GENERATE_INFOPLIST_FILE = YES;
				IPHONEOS_DEPLOYMENT_TARGET = 15.2;
				MARKETING_VERSION = 1.0;
				PRODUCT_BUNDLE_IDENTIFIER = codepath.IGRayvenTests;
				PRODUCT_NAME = "$(TARGET_NAME)";
				SWIFT_EMIT_LOC_STRINGS = NO;
				SWIFT_VERSION = 5.0;
				TARGETED_DEVICE_FAMILY = "1,2";
				TEST_HOST = "$(BUILT_PRODUCTS_DIR)/IGRayven.app/IGRayven";
			};
			name = Release;
		};
		A1A5732427EE7B2C00B3C550 /* Debug */ = {
			isa = XCBuildConfiguration;
			baseConfigurationReference = 59962ECBC815FB6A84462323 /* Pods-IGRayven-IGRayvenUITests.debug.xcconfig */;
			buildSettings = {
				ALWAYS_EMBED_SWIFT_STANDARD_LIBRARIES = YES;
				CODE_SIGN_STYLE = Automatic;
				CURRENT_PROJECT_VERSION = 1;
				GENERATE_INFOPLIST_FILE = YES;
				MARKETING_VERSION = 1.0;
				PRODUCT_BUNDLE_IDENTIFIER = codepath.IGRayvenUITests;
				PRODUCT_NAME = "$(TARGET_NAME)";
				SWIFT_EMIT_LOC_STRINGS = NO;
				SWIFT_VERSION = 5.0;
				TARGETED_DEVICE_FAMILY = "1,2";
				TEST_TARGET_NAME = IGRayven;
			};
			name = Debug;
		};
		A1A5732527EE7B2C00B3C550 /* Release */ = {
			isa = XCBuildConfiguration;
			baseConfigurationReference = FB6573D075447CF50CD5C5B4 /* Pods-IGRayven-IGRayvenUITests.release.xcconfig */;
			buildSettings = {
				ALWAYS_EMBED_SWIFT_STANDARD_LIBRARIES = YES;
				CODE_SIGN_STYLE = Automatic;
				CURRENT_PROJECT_VERSION = 1;
				GENERATE_INFOPLIST_FILE = YES;
				MARKETING_VERSION = 1.0;
				PRODUCT_BUNDLE_IDENTIFIER = codepath.IGRayvenUITests;
				PRODUCT_NAME = "$(TARGET_NAME)";
				SWIFT_EMIT_LOC_STRINGS = NO;
				SWIFT_VERSION = 5.0;
				TARGETED_DEVICE_FAMILY = "1,2";
				TEST_TARGET_NAME = IGRayven;
			};
			name = Release;
		};
/* End XCBuildConfiguration section */

/* Begin XCConfigurationList section */
		A1A572EE27EE7B2A00B3C550 /* Build configuration list for PBXProject "IGRayven" */ = {
			isa = XCConfigurationList;
			buildConfigurations = (
				A1A5731B27EE7B2C00B3C550 /* Debug */,
				A1A5731C27EE7B2C00B3C550 /* Release */,
			);
			defaultConfigurationIsVisible = 0;
			defaultConfigurationName = Release;
		};
		A1A5731D27EE7B2C00B3C550 /* Build configuration list for PBXNativeTarget "IGRayven" */ = {
			isa = XCConfigurationList;
			buildConfigurations = (
				A1A5731E27EE7B2C00B3C550 /* Debug */,
				A1A5731F27EE7B2C00B3C550 /* Release */,
			);
			defaultConfigurationIsVisible = 0;
			defaultConfigurationName = Release;
		};
		A1A5732027EE7B2C00B3C550 /* Build configuration list for PBXNativeTarget "IGRayvenTests" */ = {
			isa = XCConfigurationList;
			buildConfigurations = (
				A1A5732127EE7B2C00B3C550 /* Debug */,
				A1A5732227EE7B2C00B3C550 /* Release */,
			);
			defaultConfigurationIsVisible = 0;
			defaultConfigurationName = Release;
		};
		A1A5732327EE7B2C00B3C550 /* Build configuration list for PBXNativeTarget "IGRayvenUITests" */ = {
			isa = XCConfigurationList;
			buildConfigurations = (
				A1A5732427EE7B2C00B3C550 /* Debug */,
				A1A5732527EE7B2C00B3C550 /* Release */,
			);
			defaultConfigurationIsVisible = 0;
			defaultConfigurationName = Release;
		};
/* End XCConfigurationList section */
	};
	rootObject = A1A572EB27EE7B2A00B3C550 /* Project object */;
}
